[[package]]
name = "attrs"
version = "22.1.0"
description = "Classes Without Boilerplate"
category = "main"
optional = false
python-versions = ">=3.5"

[package.extras]
dev = ["cloudpickle", "coverage[toml] (>=5.0.2)", "furo", "hypothesis", "mypy (>=0.900,!=0.940)", "pre-commit", "pympler", "pytest (>=4.3.0)", "pytest-mypy-plugins", "sphinx", "sphinx-notfound-page", "zope.interface"]
docs = ["furo", "sphinx", "sphinx-notfound-page", "zope.interface"]
tests = ["cloudpickle", "coverage[toml] (>=5.0.2)", "hypothesis", "mypy (>=0.900,!=0.940)", "pympler", "pytest (>=4.3.0)", "pytest-mypy-plugins", "zope.interface"]
tests-no-zope = ["cloudpickle", "coverage[toml] (>=5.0.2)", "hypothesis", "mypy (>=0.900,!=0.940)", "pympler", "pytest (>=4.3.0)", "pytest-mypy-plugins"]

[[package]]
name = "aws-cdk-asset-awscli-v1"
version = "2.2.30"
description = "A library that contains the AWS CLI for use in Lambda Layers"
category = "main"
optional = false
python-versions = "~=3.7"

[package.dependencies]
jsii = ">=1.72.0,<2.0.0"
publication = ">=0.0.3"
typeguard = ">=2.13.3,<2.14.0"

[[package]]
name = "aws-cdk-asset-kubectl-v20"
version = "2.1.1"
description = "A library that contains kubectl for use in Lambda Layers"
category = "main"
optional = false
python-versions = "~=3.7"

[package.dependencies]
jsii = ">=1.70.0,<2.0.0"
publication = ">=0.0.3"
typeguard = ">=2.13.3,<2.14.0"

[[package]]
name = "aws-cdk-asset-node-proxy-agent-v5"
version = "2.0.38"
description = "@aws-cdk/asset-node-proxy-agent-v5"
category = "main"
optional = false
python-versions = "~=3.7"

[package.dependencies]
jsii = ">=1.72.0,<2.0.0"
publication = ">=0.0.3"
typeguard = ">=2.13.3,<2.14.0"

[[package]]
name = "aws-cdk-aws-lambda-python-alpha"
version = "2.55.1a0"
description = "The CDK Construct Library for AWS Lambda in Python"
category = "main"
optional = false
python-versions = "~=3.7"

[package.dependencies]
aws-cdk-lib = ">=2.55.1,<3.0.0"
constructs = ">=10.0.0,<11.0.0"
jsii = ">=1.72.0,<2.0.0"
publication = ">=0.0.3"
typeguard = ">=2.13.3,<2.14.0"

[[package]]
name = "aws-cdk-lib"
version = "2.55.1"
description = "Version 2 of the AWS Cloud Development Kit library"
category = "main"
optional = false
python-versions = "~=3.7"

[package.dependencies]
"aws-cdk.asset-awscli-v1" = ">=2.2.30,<3.0.0"
"aws-cdk.asset-kubectl-v20" = ">=2.1.1,<3.0.0"
"aws-cdk.asset-node-proxy-agent-v5" = ">=2.0.38,<3.0.0"
constructs = ">=10.0.0,<11.0.0"
jsii = ">=1.72.0,<2.0.0"
publication = ">=0.0.3"
typeguard = ">=2.13.3,<2.14.0"

[[package]]
name = "cattrs"
version = "22.2.0"
description = "Composable complex class support for attrs and dataclasses."
category = "main"
optional = false
python-versions = ">=3.7"

[package.dependencies]
attrs = ">=20"

[[package]]
name = "constructs"
version = "10.1.177"
description = "A programming model for software-defined state"
category = "main"
optional = false
python-versions = "~=3.7"

[package.dependencies]
jsii = ">=1.71.0,<2.0.0"
publication = ">=0.0.3"
typeguard = ">=2.13.3,<2.14.0"

[[package]]
name = "jsii"
version = "1.72.0"
description = "Python client for jsii runtime"
category = "main"
optional = false
python-versions = "~=3.7"

[package.dependencies]
attrs = ">=21.2,<23.0"
cattrs = ">=1.8,<22.3"
publication = ">=0.0.3"
python-dateutil = "*"
typeguard = ">=2.13.3,<2.14.0"
typing-extensions = ">=3.7,<5.0"

[[package]]
name = "publication"
version = "0.0.3"
description = "Publication helps you maintain public-api-friendly modules by preventing unintentional access to private implementation details via introspection."
category = "main"
optional = false
python-versions = "*"

[[package]]
name = "python-dateutil"
version = "2.8.2"
description = "Extensions to the standard Python datetime module"
category = "main"
optional = false
python-versions = "!=3.0.*,!=3.1.*,!=3.2.*,>=2.7"

[package.dependencies]
six = ">=1.5"

[[package]]
name = "six"
version = "1.16.0"
description = "Python 2 and 3 compatibility utilities"
category = "main"
optional = false
python-versions = ">=2.7, !=3.0.*, !=3.1.*, !=3.2.*"

[[package]]
name = "typeguard"
version = "2.13.3"
description = "Run-time type checker for Python"
category = "main"
optional = false
python-versions = ">=3.5.3"

[package.extras]
doc = ["sphinx-autodoc-typehints (>=1.2.0)", "sphinx-rtd-theme"]
test = ["mypy", "pytest", "typing-extensions"]

[[package]]
name = "typing-extensions"
version = "4.4.0"
description = "Backported and Experimental Type Hints for Python 3.7+"
category = "main"
optional = false
python-versions = ">=3.7"

[metadata]
lock-version = "1.1"
python-versions = "^3.11"
content-hash = "d03da157d62157065f070311a918dc6e2b33b1e80ff558306479d9073311be56"

[metadata.files]
attrs = [
    {file = "attrs-22.1.0-py2.py3-none-any.whl", hash = "sha256:86efa402f67bf2df34f51a335487cf46b1ec130d02b8d39fd248abfd30da551c"},
    {file = "attrs-22.1.0.tar.gz", hash = "sha256:29adc2665447e5191d0e7c568fde78b21f9672d344281d0c6e1ab085429b22b6"},
]
aws-cdk-asset-awscli-v1 = [
    {file = "aws-cdk.asset-awscli-v1-2.2.30.tar.gz", hash = "sha256:e4f6c1a80b3f822b31a120b0a485163e203a2c0471e0ed9bcdb9ed55d512627e"},
    {file = "aws_cdk.asset_awscli_v1-2.2.30-py3-none-any.whl", hash = "sha256:2d93033aba1448224df3fd90e5e50cc69d50abc421bb85a1cb98d151023fda7f"},
]
aws-cdk-asset-kubectl-v20 = [
    {file = "aws-cdk.asset-kubectl-v20-2.1.1.tar.gz", hash = "sha256:9834cdb150c5590aea4e5eba6de2a89b4c60617451181c524810c5a75154565c"},
    {file = "aws_cdk.asset_kubectl_v20-2.1.1-py3-none-any.whl", hash = "sha256:a2fad1a5a35a94a465efe60859f91e45dacc33261fb9bbf1cf9bbc6e2f70e9d6"},
]
aws-cdk-asset-node-proxy-agent-v5 = [
    {file = "aws-cdk.asset-node-proxy-agent-v5-2.0.38.tar.gz", hash = "sha256:eb80e0098899bd29e4f0938c68802cc022a8e39af8c05de4053f9a209e63bb7c"},
    {file = "aws_cdk.asset_node_proxy_agent_v5-2.0.38-py3-none-any.whl", hash = "sha256:0add1debe24e566b8d2cf713ca85eb5e82c42de00f737dfbf02e18e22220a41b"},
]
aws-cdk-aws-lambda-python-alpha = [
    {file = "aws-cdk.aws-lambda-python-alpha-2.55.1a0.tar.gz", hash = "sha256:a0a37179116c1f8c6a4556c895b5f80fb636a9091ee1721cbc01e7082c63ad1e"},
    {file = "aws_cdk.aws_lambda_python_alpha-2.55.1a0-py3-none-any.whl", hash = "sha256:d61671a5a2d8aa88c95dbd3dbbe35e1c9db470180123e5c52627c176b4a73285"},
]
aws-cdk-lib = [
    {file = "aws-cdk-lib-2.55.1.tar.gz", hash = "sha256:b9a4d7696af52bd42209c16fe94b2721cbb339fae36de56a035d884178d59ce7"},
    {file = "aws_cdk_lib-2.55.1-py3-none-any.whl", hash = "sha256:93c06ba840e580ff07ce9c15534f8161946b0cd90442f867c8bf0ea223710458"},
]
cattrs = [
    {file = "cattrs-22.2.0-py3-none-any.whl", hash = "sha256:bc12b1f0d000b9f9bee83335887d532a1d3e99a833d1bf0882151c97d3e68c21"},
    {file = "cattrs-22.2.0.tar.gz", hash = "sha256:f0eed5642399423cf656e7b66ce92cdc5b963ecafd041d1b24d136fdde7acf6d"},
]
constructs = [
    {file = "constructs-10.1.177-py3-none-any.whl", hash = "sha256:c7e40391aed81539a4f1e591c5f5a1078399131f28b77128181dfeae00112fac"},
    {file = "constructs-10.1.177.tar.gz", hash = "sha256:d1e51cbc6b39476da9e6ac263728be3b605f0a822d5e43a6f0302b44e41c5e3e"},
]
jsii = [
    {file = "jsii-1.72.0-py3-none-any.whl", hash = "sha256:4dcf65eca9400c15a6a7c9d85b27f4bfe15c96ad3e36272a502f391556858151"},
    {file = "jsii-1.72.0.tar.gz", hash = "sha256:6daf1c17362bd07c50c299e08d9a4454075550eb78e035a160ecf9ea68ded3cf"},
]
publication = [
    {file = "publication-0.0.3-py2.py3-none-any.whl", hash = "sha256:0248885351febc11d8a1098d5c8e3ab2dabcf3e8c0c96db1e17ecd12b53afbe6"},
    {file = "publication-0.0.3.tar.gz", hash = "sha256:68416a0de76dddcdd2930d1c8ef853a743cc96c82416c4e4d3b5d901c6276dc4"},
]
python-dateutil = [
    {file = "python-dateutil-2.8.2.tar.gz", hash = "sha256:0123cacc1627ae19ddf3c27a5de5bd67ee4586fbdd6440d9748f8abb483d3e86"},
    {file = "python_dateutil-2.8.2-py2.py3-none-any.whl", hash = "sha256:961d03dc3453ebbc59dbdea9e4e11c5651520a876d0f4db161e8674aae935da9"},
]
six = [
    {file = "six-1.16.0-py2.py3-none-any.whl", hash = "sha256:8abb2f1d86890a2dfb989f9a77cfcfd3e47c2a354b01111771326f8aa26e0254"},
    {file = "six-1.16.0.tar.gz", hash = "sha256:1e61c37477a1626458e36f7b1d82aa5c9b094fa4802892072e49de9c60c4c926"},
]
typeguard = [
    {file = "typeguard-2.13.3-py3-none-any.whl", hash = "sha256:5e3e3be01e887e7eafae5af63d1f36c849aaa94e3a0112097312aabfa16284f1"},
    {file = "typeguard-2.13.3.tar.gz", hash = "sha256:00edaa8da3a133674796cf5ea87d9f4b4c367d77476e185e80251cc13dfbb8c4"},
]
typing-extensions = [
    {file = "typing_extensions-4.4.0-py3-none-any.whl", hash = "sha256:16fa4864408f655d35ec496218b85f79b3437c829e93320c7c9215ccfd92489e"},
    {file = "typing_extensions-4.4.0.tar.gz", hash = "sha256:1511434bb92bf8dd198c12b1cc812e800d4181cfcb867674e0f8279cc93087aa"},
]
